
Microsoft Visual Studio Solution File, Format Version 12.00
# Visual Studio 15
VisualStudioVersion = 15.0.28307.572
MinimumVisualStudioVersion = 10.0.40219.1
Project("{FAE04EC0-301F-11D3-BF4B-00C04F79EFBC}") = "tar2", "tar2\tar2.csproj", "{B28D6DBF-3D84-4ABC-8927-8147A7632662}"
EndProject
Global
	GlobalSection(SolutionConfigurationPlatforms) = preSolution
		Debug|Any CPU = Debug|Any CPU
		Release|Any CPU = Release|Any CPU
	EndGlobalSection
	GlobalSection(ProjectConfigurationPlatforms) = postSolution
		{B28D6DBF-3D84-4ABC-8927-8147A7632662}.Debug|Any CPU.ActiveCfg = Debug|Any CPU
		{B28D6DBF-3D84-4ABC-8927-8147A7632662}.Debug|Any CPU.Build.0 = Debug|Any CPU
		{B28D6DBF-3D84-4ABC-8927-8147A7632662}.Release|Any CPU.ActiveCfg = Release|Any CPU
		{B28D6DBF-3D84-4ABC-8927-8147A7632662}.Release|Any CPU.Build.0 = Release|Any CPU
	EndGlobalSection
	GlobalSection(SolutionProperties) = preSolution
		HideSolutionNode = FALSE
	EndGlobalSection
	GlobalSection(ExtensibilityGlobals) = postSolution
		SolutionGuid = {52900A1A-9514-4357-A62E-0F892B2E98E5}
	EndGlobalSection
EndGlobal
